
Microsoft Visual Studio Solution File, Format Version 12.00
# Visual Studio 15
VisualStudioVersion = 15.0.27130.2024
MinimumVisualStudioVersion = 10.0.40219.1
Project("{8BC9CEB8-8B4A-11D0-8D11-00A0C91BC942}") = "DbCore", "DbCore\DbCore.vcxproj", "{9EDDB1B5-90E6-4D4F-8B3B-DBA3E3FFDB7A}"
EndProject
Project("{8BC9CEB8-8B4A-11D0-8D11-00A0C91BC942}") = "DateTime", "DateTime\DateTime.vcxproj", "{C1E1F450-B7E1-4796-84D5-7D3C831DFF68}"
EndProject
Project("{2150E333-8FDC-42A3-9474-1A3956D46DE8}") = "Solution Items", "Solution Items", "{5CEBA480-2900-4D55-9F91-1030C5067BB2}"
	ProjectSection(SolutionItems) = preProject
		Build.txt = Build.txt
		ToDo.txt = ToDo.txt
	EndProjectSection
EndProject
Project("{8BC9CEB8-8B4A-11D0-8D11-00A0C91BC942}") = "TestUtilities", "Utilities\TestUtilities\TestUtilities.vcxproj", "{A8DC26E8-826F-4714-8B5E-408E0DD30C74}"
EndProject
Project("{8BC9CEB8-8B4A-11D0-8D11-00A0C91BC942}") = "StringUtilities", "Utilities\StringUtilities\Utilities.vcxproj", "{462B43B2-8B13-4178-BF2A-903F76F1985C}"
EndProject
Project("{8BC9CEB8-8B4A-11D0-8D11-00A0C91BC942}") = "Executive", "Executive\Executive.vcxproj", "{578593FC-1D98-4173-A1A5-BD076E0FF7E9}"
EndProject
Project("{8BC9CEB8-8B4A-11D0-8D11-00A0C91BC942}") = "Test", "Test\Test.vcxproj", "{16CEAB5A-35C1-4572-AEAC-1A3593AE72B5}"
EndProject
Project("{8BC9CEB8-8B4A-11D0-8D11-00A0C91BC942}") = "Query", "Query\Query.vcxproj", "{6543EAD4-3A27-492F-889C-B39D075B2F82}"
EndProject
Project("{8BC9CEB8-8B4A-11D0-8D11-00A0C91BC942}") = "XmlParser", "..\XmlDocument\XmlParser\XmlParser.vcxproj", "{82A1627C-4365-4154-A360-301EB80F1521}"
EndProject
Project("{8BC9CEB8-8B4A-11D0-8D11-00A0C91BC942}") = "Persistance", "Persistance\Persistance.vcxproj", "{70A010EA-1E5B-42C0-91C4-0B34202307BC}"
EndProject
Global
	GlobalSection(SolutionConfigurationPlatforms) = preSolution
		Debug|x64 = Debug|x64
		Debug|x86 = Debug|x86
		Release|x64 = Release|x64
		Release|x86 = Release|x86
	EndGlobalSection
	GlobalSection(ProjectConfigurationPlatforms) = postSolution
		{9EDDB1B5-90E6-4D4F-8B3B-DBA3E3FFDB7A}.Debug|x64.ActiveCfg = Debug|x64
		{9EDDB1B5-90E6-4D4F-8B3B-DBA3E3FFDB7A}.Debug|x64.Build.0 = Debug|x64
		{9EDDB1B5-90E6-4D4F-8B3B-DBA3E3FFDB7A}.Debug|x86.ActiveCfg = Debug|Win32
		{9EDDB1B5-90E6-4D4F-8B3B-DBA3E3FFDB7A}.Debug|x86.Build.0 = Debug|Win32
		{9EDDB1B5-90E6-4D4F-8B3B-DBA3E3FFDB7A}.Release|x64.ActiveCfg = Release|x64
		{9EDDB1B5-90E6-4D4F-8B3B-DBA3E3FFDB7A}.Release|x64.Build.0 = Release|x64
		{9EDDB1B5-90E6-4D4F-8B3B-DBA3E3FFDB7A}.Release|x86.ActiveCfg = Release|Win32
		{9EDDB1B5-90E6-4D4F-8B3B-DBA3E3FFDB7A}.Release|x86.Build.0 = Release|Win32
		{C1E1F450-B7E1-4796-84D5-7D3C831DFF68}.Debug|x64.ActiveCfg = Debug|x64
		{C1E1F450-B7E1-4796-84D5-7D3C831DFF68}.Debug|x64.Build.0 = Debug|x64
		{C1E1F450-B7E1-4796-84D5-7D3C831DFF68}.Debug|x86.ActiveCfg = Debug|Win32
		{C1E1F450-B7E1-4796-84D5-7D3C831DFF68}.Debug|x86.Build.0 = Debug|Win32
		{C1E1F450-B7E1-4796-84D5-7D3C831DFF68}.Release|x64.ActiveCfg = Release|x64
		{C1E1F450-B7E1-4796-84D5-7D3C831DFF68}.Release|x64.Build.0 = Release|x64
		{C1E1F450-B7E1-4796-84D5-7D3C831DFF68}.Release|x86.ActiveCfg = Release|Win32
		{C1E1F450-B7E1-4796-84D5-7D3C831DFF68}.Release|x86.Build.0 = Release|Win32
		{A8DC26E8-826F-4714-8B5E-408E0DD30C74}.Debug|x64.ActiveCfg = Debug|x64
		{A8DC26E8-826F-4714-8B5E-408E0DD30C74}.Debug|x64.Build.0 = Debug|x64
		{A8DC26E8-826F-4714-8B5E-408E0DD30C74}.Debug|x86.ActiveCfg = Debug|Win32
		{A8DC26E8-826F-4714-8B5E-408E0DD30C74}.Debug|x86.Build.0 = Debug|Win32
		{A8DC26E8-826F-4714-8B5E-408E0DD30C74}.Release|x64.ActiveCfg = Release|x64
		{A8DC26E8-826F-4714-8B5E-408E0DD30C74}.Release|x64.Build.0 = Release|x64
		{A8DC26E8-826F-4714-8B5E-408E0DD30C74}.Release|x86.ActiveCfg = Release|Win32
		{A8DC26E8-826F-4714-8B5E-408E0DD30C74}.Release|x86.Build.0 = Release|Win32
		{462B43B2-8B13-4178-BF2A-903F76F1985C}.Debug|x64.ActiveCfg = Debug|x64
		{462B43B2-8B13-4178-BF2A-903F76F1985C}.Debug|x64.Build.0 = Debug|x64
		{462B43B2-8B13-4178-BF2A-903F76F1985C}.Debug|x86.ActiveCfg = Debug|Win32
		{462B43B2-8B13-4178-BF2A-903F76F1985C}.Debug|x86.Build.0 = Debug|Win32
		{462B43B2-8B13-4178-BF2A-903F76F1985C}.Release|x64.ActiveCfg = Release|x64
		{462B43B2-8B13-4178-BF2A-903F76F1985C}.Release|x64.Build.0 = Release|x64
		{462B43B2-8B13-4178-BF2A-903F76F1985C}.Release|x86.ActiveCfg = Release|Win32
		{462B43B2-8B13-4178-BF2A-903F76F1985C}.Release|x86.Build.0 = Release|Win32
		{578593FC-1D98-4173-A1A5-BD076E0FF7E9}.Debug|x64.ActiveCfg = Debug|x64
		{578593FC-1D98-4173-A1A5-BD076E0FF7E9}.Debug|x64.Build.0 = Debug|x64
		{578593FC-1D98-4173-A1A5-BD076E0FF7E9}.Debug|x86.ActiveCfg = Debug|Win32
		{578593FC-1D98-4173-A1A5-BD076E0FF7E9}.Debug|x86.Build.0 = Debug|Win32
		{578593FC-1D98-4173-A1A5-BD076E0FF7E9}.Release|x64.ActiveCfg = Release|x64
		{578593FC-1D98-4173-A1A5-BD076E0FF7E9}.Release|x64.Build.0 = Release|x64
		{578593FC-1D98-4173-A1A5-BD076E0FF7E9}.Release|x86.ActiveCfg = Release|Win32
		{578593FC-1D98-4173-A1A5-BD076E0FF7E9}.Release|x86.Build.0 = Release|Win32
		{16CEAB5A-35C1-4572-AEAC-1A3593AE72B5}.Debug|x64.ActiveCfg = Debug|x64
		{16CEAB5A-35C1-4572-AEAC-1A3593AE72B5}.Debug|x64.Build.0 = Debug|x64
		{16CEAB5A-35C1-4572-AEAC-1A3593AE72B5}.Debug|x86.ActiveCfg = Debug|Win32
		{16CEAB5A-35C1-4572-AEAC-1A3593AE72B5}.Debug|x86.Build.0 = Debug|Win32
		{16CEAB5A-35C1-4572-AEAC-1A3593AE72B5}.Release|x64.ActiveCfg = Release|x64
		{16CEAB5A-35C1-4572-AEAC-1A3593AE72B5}.Release|x64.Build.0 = Release|x64
		{16CEAB5A-35C1-4572-AEAC-1A3593AE72B5}.Release|x86.ActiveCfg = Release|Win32
		{16CEAB5A-35C1-4572-AEAC-1A3593AE72B5}.Release|x86.Build.0 = Release|Win32
		{6543EAD4-3A27-492F-889C-B39D075B2F82}.Debug|x64.ActiveCfg = Debug|x64
		{6543EAD4-3A27-492F-889C-B39D075B2F82}.Debug|x64.Build.0 = Debug|x64
		{6543EAD4-3A27-492F-889C-B39D075B2F82}.Debug|x86.ActiveCfg = Debug|Win32
		{6543EAD4-3A27-492F-889C-B39D075B2F82}.Debug|x86.Build.0 = Debug|Win32
		{6543EAD4-3A27-492F-889C-B39D075B2F82}.Release|x64.ActiveCfg = Release|x64
		{6543EAD4-3A27-492F-889C-B39D075B2F82}.Release|x64.Build.0 = Release|x64
		{6543EAD4-3A27-492F-889C-B39D075B2F82}.Release|x86.ActiveCfg = Release|Win32
		{6543EAD4-3A27-492F-889C-B39D075B2F82}.Release|x86.Build.0 = Release|Win32
		{82A1627C-4365-4154-A360-301EB80F1521}.Debug|x64.ActiveCfg = Debug|Win32
		{82A1627C-4365-4154-A360-301EB80F1521}.Debug|x86.ActiveCfg = Debug|Win32
		{82A1627C-4365-4154-A360-301EB80F1521}.Debug|x86.Build.0 = Debug|Win32
		{82A1627C-4365-4154-A360-301EB80F1521}.Release|x64.ActiveCfg = Release|Win32
		{82A1627C-4365-4154-A360-301EB80F1521}.Release|x86.ActiveCfg = Release|Win32
		{82A1627C-4365-4154-A360-301EB80F1521}.Release|x86.Build.0 = Release|Win32
		{70A010EA-1E5B-42C0-91C4-0B34202307BC}.Debug|x64.ActiveCfg = Debug|x64
		{70A010EA-1E5B-42C0-91C4-0B34202307BC}.Debug|x64.Build.0 = Debug|x64
		{70A010EA-1E5B-42C0-91C4-0B34202307BC}.Debug|x86.ActiveCfg = Debug|Win32
		{70A010EA-1E5B-42C0-91C4-0B34202307BC}.Debug|x86.Build.0 = Debug|Win32
		{70A010EA-1E5B-42C0-91C4-0B34202307BC}.Release|x64.ActiveCfg = Release|x64
		{70A010EA-1E5B-42C0-91C4-0B34202307BC}.Release|x64.Build.0 = Release|x64
		{70A010EA-1E5B-42C0-91C4-0B34202307BC}.Release|x86.ActiveCfg = Release|Win32
		{70A010EA-1E5B-42C0-91C4-0B34202307BC}.Release|x86.Build.0 = Release|Win32
	EndGlobalSection
	GlobalSection(SolutionProperties) = preSolution
		HideSolutionNode = FALSE
	EndGlobalSection
	GlobalSection(ExtensibilityGlobals) = postSolution
		SolutionGuid = {03234BB4-4100-494A-9C05-D76DBA45E13F}
	EndGlobalSection
EndGlobal
